Location:
    -
        Name: Mt. Silver Unlock
        FileName:
        Type: Map
        HasPKMN: No
        WildTableList: 
        LocationReqs:
            - Mt. Silver Is Open
            - League Gate
        FlagReqs:
        ItemReqs:
        FlagsSet:
        ReachableReqs:
        Code:
        Text:
        TrainerList: 
        Sublocations:
    -
        Name: Mt. Silver Is Open
        FileName:
        Type: Map
        HasPKMN: No
        WildTableList:
        LocationReqs:
        FlagReqs:
            - Oak Opens Mt Silver
        ItemReqs:
        FlagsSet:
        ReachableReqs:
        Code:
        Text:
        TrainerList:
        Sublocations: